// !$*UTF8*$!
{
	archiveVersion = 1;
	classes = {
	};
	objectVersion = 48;
	objects = {

/* Begin PBXBuildFile section */
		EA5F13081FB861A0009590B6 /* AppDelegate.swift in Sources */ = {isa = PBXBuildFile; fileRef = EA5F13071FB861A0009590B6 /* AppDelegate.swift */; };
		EA5F130A1FB861A0009590B6 /* ConcentrationViewController.swift in Sources */ = {isa = PBXBuildFile; fileRef = EA5F13091FB861A0009590B6 /* ConcentrationViewController.swift */; };
		EA5F130D1FB861A0009590B6 /* Main.storyboard in Resources */ = {isa = PBXBuildFile; fileRef = EA5F130B1FB861A0009590B6 /* Main.storyboard */; };
		EA5F130F1FB861A0009590B6 /* Assets.xcassets in Resources */ = {isa = PBXBuildFile; fileRef = EA5F130E1FB861A0009590B6 /* Assets.xcassets */; };
		EA5F13121FB861A0009590B6 /* LaunchScreen.storyboard in Resources */ = {isa = PBXBuildFile; fileRef = EA5F13101FB861A0009590B6 /* LaunchScreen.storyboard */; };
		EAC19E9D1FDAD8CE00490249 /* ConcentrationThemeChooserViewController.swift in Sources */ = {isa = PBXBuildFile; fileRef = EAC19E9C1FDAD8CE00490249 /* ConcentrationThemeChooserViewController.swift */; };
		EAFC4CE71FB9AB1000EF2C53 /* Card.swift in Sources */ = {isa = PBXBuildFile; fileRef = EAFC4CE61FB9AB1000EF2C53 /* Card.swift */; };
		EAFC4CE91FB9AC8600EF2C53 /* Concentration.swift in Sources */ = {isa = PBXBuildFile; fileRef = EAFC4CE81FB9AC8600EF2C53 /* Concentration.swift */; };
/* End PBXBuildFile section */

/* Begin PBXFileReference section */
		EA5F13041FB861A0009590B6 /* Lecture 7 - Concentration.app */ = {isa = PBXFileReference; explicitFileType = wrapper.application; includeInIndex = 0; path = "Lecture 7 - Concentration.app"; sourceTree = BUILT_PRODUCTS_DIR; };
		EA5F13071FB861A0009590B6 /* AppDelegate.swift */ = {isa = PBXFileReference; lastKnownFileType = sourcecode.swift; path = AppDelegate.swift; sourceTree = "<group>"; };
		EA5F13091FB861A0009590B6 /* ConcentrationViewController.swift */ = {isa = PBXFileReference; lastKnownFileType = sourcecode.swift; path = ConcentrationViewController.swift; sourceTree = "<group>"; };
		EA5F130C1FB861A0009590B6 /* Base */ = {isa = PBXFileReference; lastKnownFileType = file.storyboard; name = Base; path = Base.lproj/Main.storyboard; sourceTree = "<group>"; };
		EA5F130E1FB861A0009590B6 /* Assets.xcassets */ = {isa = PBXFileReference; lastKnownFileType = folder.assetcatalog; path = Assets.xcassets; sourceTree = "<group>"; };
		EA5F13111FB861A0009590B6 /* Base */ = {isa = PBXFileReference; lastKnownFileType = file.storyboard; name = Base; path = Base.lproj/LaunchScreen.storyboard; sourceTree = "<group>"; };
		EA5F13131FB861A0009590B6 /* Info.plist */ = {isa = PBXFileReference; lastKnownFileType = text.plist.xml; path = Info.plist; sourceTree = "<group>"; };
		EAC19E9C1FDAD8CE00490249 /* ConcentrationThemeChooserViewController.swift */ = {isa = PBXFileReference; lastKnownFileType = sourcecode.swift; path = ConcentrationThemeChooserViewController.swift; sourceTree = "<group>"; };
		EAFC4CE61FB9AB1000EF2C53 /* Card.swift */ = {isa = PBXFileReference; lastKnownFileType = sourcecode.swift; path = Card.swift; sourceTree = "<group>"; };
		EAFC4CE81FB9AC8600EF2C53 /* Concentration.swift */ = {isa = PBXFileReference; lastKnownFileType = sourcecode.swift; path = Concentration.swift; sourceTree = "<group>"; };
/* End PBXFileReference section */

/* Begin PBXFrameworksBuildPhase section */
		EA5F13011FB861A0009590B6 /* Frameworks */ = {
			isa = PBXFrameworksBuildPhase;
			buildActionMask = 2147483647;
			files = (
			);
			runOnlyForDeploymentPostprocessing = 0;
		};
/* End PBXFrameworksBuildPhase section */

/* Begin PBXGroup section */
		EA5F12FB1FB861A0009590B6 = {
			isa = PBXGroup;
			children = (
				EA5F13061FB861A0009590B6 /* Concentration */,
				EA5F13051FB861A0009590B6 /* Products */,
			);
			sourceTree = "<group>";
		};
		EA5F13051FB861A0009590B6 /* Products */ = {
			isa = PBXGroup;
			children = (
				EA5F13041FB861A0009590B6 /* Lecture 7 - Concentration.app */,
			);
			name = Products;
			sourceTree = "<group>";
		};
		EA5F13061FB861A0009590B6 /* Concentration */ = {
			isa = PBXGroup;
			children = (
				EA5F130B1FB861A0009590B6 /* Main.storyboard */,
				EAC19E9C1FDAD8CE00490249 /* ConcentrationThemeChooserViewController.swift */,
				EA5F13091FB861A0009590B6 /* ConcentrationViewController.swift */,
				EAFC4CE61FB9AB1000EF2C53 /* Card.swift */,
				EAFC4CE81FB9AC8600EF2C53 /* Concentration.swift */,
				EAB24F441FB8622400FD5E4D /* Supporting Files */,
				EA5F13131FB861A0009590B6 /* Info.plist */,
			);
			path = Concentration;
			sourceTree = "<group>";
		};
		EAB24F441FB8622400FD5E4D /* Supporting Files */ = {
			isa = PBXGroup;
			children = (
				EA5F13071FB861A0009590B6 /* AppDelegate.swift */,
				EA5F130E1FB861A0009590B6 /* Assets.xcassets */,
				EA5F13101FB861A0009590B6 /* LaunchScreen.storyboard */,
			);
			path = "Supporting Files";
			sourceTree = "<group>";
		};
/* End PBXGroup section */

/* Begin PBXNativeTarget section */
		EA5F13031FB861A0009590B6 /* Lecture 7 - Concentration */ = {
			isa = PBXNativeTarget;
			buildConfigurationList = EA5F13161FB861A0009590B6 /* Build configuration list for PBXNativeTarget "Lecture 7 - Concentration" */;
			buildPhases = (
				EA5F13001FB861A0009590B6 /* Sources */,
				EA5F13011FB861A0009590B6 /* Frameworks */,
				EA5F13021FB861A0009590B6 /* Resources */,
			);
			buildRules = (
			);
			dependencies = (
			);
			name = "Lecture 7 - Concentration";
			productName = Concentration;
			productReference = EA5F13041FB861A0009590B6 /* Lecture 7 - Concentration.app */;
			productType = "com.apple.product-type.application";
		};
/* End PBXNativeTarget section */

/* Begin PBXProject section */
		EA5F12FC1FB861A0009590B6 /* Project object */ = {
			isa = PBXProject;
			attributes = {
				LastSwiftUpdateCheck = 0900;
				LastUpgradeCheck = 0900;
				ORGANIZATIONNAME = "Michel Deiman";
				TargetAttributes = {
					EA5F13031FB861A0009590B6 = {
						CreatedOnToolsVersion = 9.0;
						ProvisioningStyle = Automatic;
					};
				};
			};
			buildConfigurationList = EA5F12FF1FB861A0009590B6 /* Build configuration list for PBXProject "Lecture 7 - Concentration" */;
			compatibilityVersion = "Xcode 8.0";
			developmentRegion = en;
			hasScannedForEncodings = 0;
			knownRegions = (
				en,
				Base,
			);
			mainGroup = EA5F12FB1FB861A0009590B6;
			productRefGroup = EA5F13051FB861A0009590B6 /* Products */;
			projectDirPath = "";
			projectRoot = "";
			targets = (
				EA5F13031FB861A0009590B6 /* Lecture 7 - Concentration */,
			);
		};
/* End PBXProject section */

/* Begin PBXResourcesBuildPhase section */
		EA5F13021FB861A0009590B6 /* Resources */ = {
			isa = PBXResourcesBuildPhase;
			buildActionMask = 2147483647;
			files = (
				EA5F13121FB861A0009590B6 /* LaunchScreen.storyboard in Resources */,
				EA5F130F1FB861A0009590B6 /* Assets.xcassets in Resources */,
				EA5F130D1FB861A0009590B6 /* Main.storyboard in Resources */,
			);
			runOnlyForDeploymentPostprocessing = 0;
		};
/* End PBXResourcesBuildPhase section */

/* Begin PBXSourcesBuildPhase section */
		EA5F13001FB861A0009590B6 /* Sources */ = {
			isa = PBXSourcesBuildPhase;
			buildActionMask = 2147483647;
			files = (
				EAC19E9D1FDAD8CE00490249 /* ConcentrationThemeChooserViewController.swift in Sources */,
				EA5F130A1FB861A0009590B6 /* ConcentrationViewController.swift in Sources */,
				EAFC4CE91FB9AC8600EF2C53 /* Concentration.swift in Sources */,
				EAFC4CE71FB9AB1000EF2C53 /* Card.swift in Sources */,
				EA5F13081FB861A0009590B6 /* AppDelegate.swift in Sources */,
			);
			runOnlyForDeploymentPostprocessing = 0;
		};
/* End PBXSourcesBuildPhase section */

/* Begin PBXVariantGroup section */
		EA5F130B1FB861A0009590B6 /* Main.storyboard */ = {
			isa = PBXVariantGroup;
			children = (
				EA5F130C1FB861A0009590B6 /* Base */,
			);
			name = Main.storyboard;
			sourceTree = "<group>";
		};
		EA5F13101FB861A0009590B6 /* LaunchScreen.storyboard */ = {
			isa = PBXVariantGroup;
			children = (
				EA5F13111FB861A0009590B6 /* Base */,
			);
			name = LaunchScreen.storyboard;
			sourceTree = "<group>";
		};
/* End PBXVariantGroup section */

/* Begin XCBuildConfiguration section */
		EA5F13141FB861A0009590B6 /* Debug */ = {
			isa = XCBuildConfiguration;
			buildSettings = {
				ALWAYS_SEARCH_USER_PATHS = NO;
				CLANG_ANALYZER_NONNULL = YES;
				CLANG_ANALYZER_NUMBER_OBJECT_CONVERSION = YES_AGGRESSIVE;
				CLANG_CXX_LANGUAGE_STANDARD = "gnu++14";
				CLANG_CXX_LIBRARY = "libc++";
				CLANG_ENABLE_MODULES = YES;
				CLANG_ENABLE_OBJC_ARC = YES;
				CLANG_WARN_BLOCK_CAPTURE_AUTORELEASING = YES;
				CLANG_WARN_BOOL_CONVERSION = YES;
				CLANG_WARN_COMMA = YES;
				CLANG_WARN_CONSTANT_CONVERSION = YES;
				CLANG_WARN_DIRECT_OBJC_ISA_USAGE = YES_ERROR;
				CLANG_WARN_DOCUMENTATION_COMMENTS = YES;
				CLANG_WARN_EMPTY_BODY = YES;
				CLANG_WARN_ENUM_CONVERSION = YES;
				CLANG_WARN_INFINITE_RECURSION = YES;
				CLANG_WARN_INT_CONVERSION = YES;
				CLANG_WARN_NON_LITERAL_NULL_CONVERSION = YES;
				CLANG_WARN_OBJC_LITERAL_CONVERSION = YES;
				CLANG_WARN_OBJC_ROOT_CLASS = YES_ERROR;
				CLANG_WARN_RANGE_LOOP_ANALYSIS = YES;
				CLANG_WARN_STRICT_PROTOTYPES = YES;
				CLANG_WARN_SUSPICIOUS_MOVE = YES;
				CLANG_WARN_UNGUARDED_AVAILABILITY = YES_AGGRESSIVE;
				CLANG_WARN_UNREACHABLE_CODE = YES;
				CLANG_WARN__DUPLICATE_METHOD_MATCH = YES;
				CODE_SIGN_IDENTITY = "iPhone Developer";
				COPY_PHASE_STRIP = NO;
				DEBUG_INFORMATION_FORMAT = dwarf;
				ENABLE_STRICT_OBJC_MSGSEND = YES;
				ENABLE_TESTABILITY = YES;
				GCC_C_LANGUAGE_STANDARD = gnu11;
				GCC_DYNAMIC_NO_PIC = NO;
				GCC_NO_COMMON_BLOCKS = YES;
				GCC_OPTIMIZATION_LEVEL = 0;
				GCC_PREPROCESSOR_DEFINITIONS = (
					"DEBUG=1",
					"$(inherited)",
				);
				GCC_WARN_64_TO_32_BIT_CONVERSION = YES;
				GCC_WARN_ABOUT_RETURN_TYPE = YES_ERROR;
				GCC_WARN_UNDECLARED_SELECTOR = YES;
				GCC_WARN_UNINITIALIZED_AUTOS = YES_AGGRESSIVE;
				GCC_WARN_UNUSED_FUNCTION = YES;
				GCC_WARN_UNUSED_VARIABLE = YES;
				IPHONEOS_DEPLOYMENT_TARGET = 11.0;
				MTL_ENABLE_DEBUG_INFO = YES;
				ONLY_ACTIVE_ARCH = YES;
				SDKROOT = iphoneos;
				SWIFT_ACTIVE_COMPILATION_CONDITIONS = DEBUG;
				SWIFT_OPTIMIZATION_LEVEL = "-Onone";
			};
			name = Debug;
		};
		EA5F13151FB861A0009590B6 /* Release */ = {
			isa = XCBuildConfiguration;
			buildSettings = {
				ALWAYS_SEARCH_USER_PATHS = NO;
				CLANG_ANALYZER_NONNULL = YES;
				CLANG_ANALYZER_NUMBER_OBJECT_CONVERSION = YES_AGGRESSIVE;
				CLANG_CXX_LANGUAGE_STANDARD = "gnu++14";
				CLANG_CXX_LIBRARY = "libc++";
				CLANG_ENABLE_MODULES = YES;
				CLANG_ENABLE_OBJC_ARC = YES;
				CLANG_WARN_BLOCK_CAPTURE_AUTORELEASING = YES;
				CLANG_WARN_BOOL_CONVERSION = YES;
				CLANG_WARN_COMMA = YES;
				CLANG_WARN_CONSTANT_CONVERSION = YES;
				CLANG_WARN_DIRECT_OBJC_ISA_USAGE = YES_ERROR;
				CLANG_WARN_DOCUMENTATION_COMMENTS = YES;
				CLANG_WARN_EMPTY_BODY = YES;
				CLANG_WARN_ENUM_CONVERSION = YES;
				CLANG_WARN_INFINITE_RECURSION = YES;
				CLANG_WARN_INT_CONVERSION = YES;
				CLANG_WARN_NON_LITERAL_NULL_CONVERSION = YES;
				CLANG_WARN_OBJC_LITERAL_CONVERSION = YES;
				CLANG_WARN_OBJC_ROOT_CLASS = YES_ERROR;
				CLANG_WARN_RANGE_LOOP_ANALYSIS = YES;
				CLANG_WARN_STRICT_PROTOTYPES = YES;
				CLANG_WARN_SUSPICIOUS_MOVE = YES;
				CLANG_WARN_UNGUARDED_AVAILABILITY = YES_AGGRESSIVE;
				CLANG_WARN_UNREACHABLE_CODE = YES;
				CLANG_WARN__DUPLICATE_METHOD_MATCH = YES;
				CODE_SIGN_IDENTITY = "iPhone Developer";
				COPY_PHASE_STRIP = NO;
				DEBUG_INFORMATION_FORMAT = "dwarf-with-dsym";
				ENABLE_NS_ASSERTIONS = NO;
				ENABLE_STRICT_OBJC_MSGSEND = YES;
				GCC_C_LANGUAGE_STANDARD = gnu11;
				GCC_NO_COMMON_BLOCKS = YES;
				GCC_WARN_64_TO_32_BIT_CONVERSION = YES;
				GCC_WARN_ABOUT_RETURN_TYPE = YES_ERROR;
				GCC_WARN_UNDECLARED_SELECTOR = YES;
				GCC_WARN_UNINITIALIZED_AUTOS = YES_AGGRESSIVE;
				GCC_WARN_UNUSED_FUNCTION = YES;
				GCC_WARN_UNUSED_VARIABLE = YES;
				IPHONEOS_DEPLOYMENT_TARGET = 11.0;
				MTL_ENABLE_DEBUG_INFO = NO;
				SDKROOT = iphoneos;
				SWIFT_OPTIMIZATION_LEVEL = "-Owholemodule";
				VALIDATE_PRODUCT = YES;
			};
			name = Release;
		};
		EA5F13171FB861A0009590B6 /* Debug */ = {
			isa = XCBuildConfiguration;
			buildSettings = {
				ASSETCATALOG_COMPILER_APPICON_NAME = AppIcon;
				CODE_SIGN_STYLE = Automatic;
				DEVELOPMENT_TEAM = QLY879YR3Y;
				INFOPLIST_FILE = Concentration/Info.plist;
				LD_RUNPATH_SEARCH_PATHS = "$(inherited) @executable_path/Frameworks";
				PRODUCT_BUNDLE_IDENTIFIER = edu.stanford.cs193p.lecture.Concentration;
				PRODUCT_NAME = "$(TARGET_NAME)";
				SWIFT_VERSION = 4.0;
				TARGETED_DEVICE_FAMILY = "1,2";
			};
			name = Debug;
		};
		EA5F13181FB861A0009590B6 /* Release */ = {
			isa = XCBuildConfiguration;
			buildSettings = {
				ASSETCATALOG_COMPILER_APPICON_NAME = AppIcon;
				CODE_SIGN_STYLE = Automatic;
				DEVELOPMENT_TEAM = QLY879YR3Y;
				INFOPLIST_FILE = Concentration/Info.plist;
				LD_RUNPATH_SEARCH_PATHS = "$(inherited) @executable_path/Frameworks";
				PRODUCT_BUNDLE_IDENTIFIER = edu.stanford.cs193p.lecture.Concentration;
				PRODUCT_NAME = "$(TARGET_NAME)";
				SWIFT_VERSION = 4.0;
				TARGETED_DEVICE_FAMILY = "1,2";
			};
			name = Release;
		};
/* End XCBuildConfiguration section */

/* Begin XCConfigurationList section */
		EA5F12FF1FB861A0009590B6 /* Build configuration list for PBXProject "Lecture 7 - Concentration" */ = {
			isa = XCConfigurationList;
			buildConfigurations = (
				EA5F13141FB861A0009590B6 /* Debug */,
				EA5F13151FB861A0009590B6 /* Release */,
			);
			defaultConfigurationIsVisible = 0;
			defaultConfigurationName = Release;
		};
		EA5F13161FB861A0009590B6 /* Build configuration list for PBXNativeTarget "Lecture 7 - Concentration" */ = {
			isa = XCConfigurationList;
			buildConfigurations = (
				EA5F13171FB861A0009590B6 /* Debug */,
				EA5F13181FB861A0009590B6 /* Release */,
			);
			defaultConfigurationIsVisible = 0;
			defaultConfigurationName = Release;
		};
/* End XCConfigurationList section */
	};
	rootObject = EA5F12FC1FB861A0009590B6 /* Project object */;
}
