// !$*UTF8*$!
{
	archiveVersion = 1;
	classes = {
	};
	objectVersion = 48;
	objects = {

/* Begin PBXBuildFile section */
		EC95D8B31F9EBEAF00F6D2A5 /* AppDelegate.swift in Sources */ = {isa = PBXBuildFile; fileRef = EC95D8B21F9EBEAF00F6D2A5 /* AppDelegate.swift */; };
		EC95D8B81F9EBEAF00F6D2A5 /* Main.storyboard in Resources */ = {isa = PBXBuildFile; fileRef = EC95D8B61F9EBEAF00F6D2A5 /* Main.storyboard */; };
		EC95D8BA1F9EBEAF00F6D2A5 /* Assets.xcassets in Resources */ = {isa = PBXBuildFile; fileRef = EC95D8B91F9EBEAF00F6D2A5 /* Assets.xcassets */; };
		EC95D8BD1F9EBEAF00F6D2A5 /* LaunchScreen.storyboard in Resources */ = {isa = PBXBuildFile; fileRef = EC95D8BB1F9EBEAF00F6D2A5 /* LaunchScreen.storyboard */; };
		EC95D8C61F9EBF0C00F6D2A5 /* ImageViewController.swift in Sources */ = {isa = PBXBuildFile; fileRef = EC95D8C51F9EBF0C00F6D2A5 /* ImageViewController.swift */; };
		EC95D8C81F9EC28200F6D2A5 /* DemoURLs.swift in Sources */ = {isa = PBXBuildFile; fileRef = EC95D8C71F9EC28200F6D2A5 /* DemoURLs.swift */; };
/* End PBXBuildFile section */

/* Begin PBXFileReference section */
		EC95D8AF1F9EBEAF00F6D2A5 /* Cassini.app */ = {isa = PBXFileReference; explicitFileType = wrapper.application; includeInIndex = 0; path = Cassini.app; sourceTree = BUILT_PRODUCTS_DIR; };
		EC95D8B21F9EBEAF00F6D2A5 /* AppDelegate.swift */ = {isa = PBXFileReference; lastKnownFileType = sourcecode.swift; path = AppDelegate.swift; sourceTree = "<group>"; };
		EC95D8B71F9EBEAF00F6D2A5 /* Base */ = {isa = PBXFileReference; lastKnownFileType = file.storyboard; name = Base; path = Base.lproj/Main.storyboard; sourceTree = "<group>"; };
		EC95D8B91F9EBEAF00F6D2A5 /* Assets.xcassets */ = {isa = PBXFileReference; lastKnownFileType = folder.assetcatalog; path = Assets.xcassets; sourceTree = "<group>"; };
		EC95D8BC1F9EBEAF00F6D2A5 /* Base */ = {isa = PBXFileReference; lastKnownFileType = file.storyboard; name = Base; path = Base.lproj/LaunchScreen.storyboard; sourceTree = "<group>"; };
		EC95D8BE1F9EBEAF00F6D2A5 /* Info.plist */ = {isa = PBXFileReference; lastKnownFileType = text.plist.xml; path = Info.plist; sourceTree = "<group>"; };
		EC95D8C51F9EBF0C00F6D2A5 /* ImageViewController.swift */ = {isa = PBXFileReference; lastKnownFileType = sourcecode.swift; path = ImageViewController.swift; sourceTree = "<group>"; };
		EC95D8C71F9EC28200F6D2A5 /* DemoURLs.swift */ = {isa = PBXFileReference; lastKnownFileType = sourcecode.swift; path = DemoURLs.swift; sourceTree = "<group>"; };
/* End PBXFileReference section */

/* Begin PBXFrameworksBuildPhase section */
		EC95D8AC1F9EBEAF00F6D2A5 /* Frameworks */ = {
			isa = PBXFrameworksBuildPhase;
			buildActionMask = 2147483647;
			files = (
			);
			runOnlyForDeploymentPostprocessing = 0;
		};
/* End PBXFrameworksBuildPhase section */

/* Begin PBXGroup section */
		EC95D8A61F9EBEAF00F6D2A5 = {
			isa = PBXGroup;
			children = (
				EC95D8B11F9EBEAF00F6D2A5 /* Cassini */,
				EC95D8B01F9EBEAF00F6D2A5 /* Products */,
			);
			sourceTree = "<group>";
		};
		EC95D8B01F9EBEAF00F6D2A5 /* Products */ = {
			isa = PBXGroup;
			children = (
				EC95D8AF1F9EBEAF00F6D2A5 /* Cassini.app */,
			);
			name = Products;
			sourceTree = "<group>";
		};
		EC95D8B11F9EBEAF00F6D2A5 /* Cassini */ = {
			isa = PBXGroup;
			children = (
				EC95D8B61F9EBEAF00F6D2A5 /* Main.storyboard */,
				EC95D8C51F9EBF0C00F6D2A5 /* ImageViewController.swift */,
				EC95D8C71F9EC28200F6D2A5 /* DemoURLs.swift */,
				EC95D8C41F9EBEB900F6D2A5 /* Supporting Files */,
				EC95D8BE1F9EBEAF00F6D2A5 /* Info.plist */,
			);
			path = Cassini;
			sourceTree = "<group>";
		};
		EC95D8C41F9EBEB900F6D2A5 /* Supporting Files */ = {
			isa = PBXGroup;
			children = (
				EC95D8B21F9EBEAF00F6D2A5 /* AppDelegate.swift */,
				EC95D8B91F9EBEAF00F6D2A5 /* Assets.xcassets */,
				EC95D8BB1F9EBEAF00F6D2A5 /* LaunchScreen.storyboard */,
			);
			path = "Supporting Files";
			sourceTree = "<group>";
		};
/* End PBXGroup section */

/* Begin PBXNativeTarget section */
		EC95D8AE1F9EBEAF00F6D2A5 /* Cassini */ = {
			isa = PBXNativeTarget;
			buildConfigurationList = EC95D8C11F9EBEAF00F6D2A5 /* Build configuration list for PBXNativeTarget "Cassini" */;
			buildPhases = (
				EC95D8AB1F9EBEAF00F6D2A5 /* Sources */,
				EC95D8AC1F9EBEAF00F6D2A5 /* Frameworks */,
				EC95D8AD1F9EBEAF00F6D2A5 /* Resources */,
			);
			buildRules = (
			);
			dependencies = (
			);
			name = Cassini;
			productName = Cassini;
			productReference = EC95D8AF1F9EBEAF00F6D2A5 /* Cassini.app */;
			productType = "com.apple.product-type.application";
		};
/* End PBXNativeTarget section */

/* Begin PBXProject section */
		EC95D8A71F9EBEAF00F6D2A5 /* Project object */ = {
			isa = PBXProject;
			attributes = {
				LastSwiftUpdateCheck = 0900;
				LastUpgradeCheck = 0900;
				ORGANIZATIONNAME = "CS193p Instructor";
				TargetAttributes = {
					EC95D8AE1F9EBEAF00F6D2A5 = {
						CreatedOnToolsVersion = 9.0;
						ProvisioningStyle = Automatic;
					};
				};
			};
			buildConfigurationList = EC95D8AA1F9EBEAF00F6D2A5 /* Build configuration list for PBXProject "Cassini" */;
			compatibilityVersion = "Xcode 8.0";
			developmentRegion = en;
			hasScannedForEncodings = 0;
			knownRegions = (
				en,
				Base,
			);
			mainGroup = EC95D8A61F9EBEAF00F6D2A5;
			productRefGroup = EC95D8B01F9EBEAF00F6D2A5 /* Products */;
			projectDirPath = "";
			projectRoot = "";
			targets = (
				EC95D8AE1F9EBEAF00F6D2A5 /* Cassini */,
			);
		};
/* End PBXProject section */

/* Begin PBXResourcesBuildPhase section */
		EC95D8AD1F9EBEAF00F6D2A5 /* Resources */ = {
			isa = PBXResourcesBuildPhase;
			buildActionMask = 2147483647;
			files = (
				EC95D8BD1F9EBEAF00F6D2A5 /* LaunchScreen.storyboard in Resources */,
				EC95D8BA1F9EBEAF00F6D2A5 /* Assets.xcassets in Resources */,
				EC95D8B81F9EBEAF00F6D2A5 /* Main.storyboard in Resources */,
			);
			runOnlyForDeploymentPostprocessing = 0;
		};
/* End PBXResourcesBuildPhase section */

/* Begin PBXSourcesBuildPhase section */
		EC95D8AB1F9EBEAF00F6D2A5 /* Sources */ = {
			isa = PBXSourcesBuildPhase;
			buildActionMask = 2147483647;
			files = (
				EC95D8C61F9EBF0C00F6D2A5 /* ImageViewController.swift in Sources */,
				EC95D8B31F9EBEAF00F6D2A5 /* AppDelegate.swift in Sources */,
				EC95D8C81F9EC28200F6D2A5 /* DemoURLs.swift in Sources */,
			);
			runOnlyForDeploymentPostprocessing = 0;
		};
/* End PBXSourcesBuildPhase section */

/* Begin PBXVariantGroup section */
		EC95D8B61F9EBEAF00F6D2A5 /* Main.storyboard */ = {
			isa = PBXVariantGroup;
			children = (
				EC95D8B71F9EBEAF00F6D2A5 /* Base */,
			);
			name = Main.storyboard;
			sourceTree = "<group>";
		};
		EC95D8BB1F9EBEAF00F6D2A5 /* LaunchScreen.storyboard */ = {
			isa = PBXVariantGroup;
			children = (
				EC95D8BC1F9EBEAF00F6D2A5 /* Base */,
			);
			name = LaunchScreen.storyboard;
			sourceTree = "<group>";
		};
/* End PBXVariantGroup section */

/* Begin XCBuildConfiguration section */
		EC95D8BF1F9EBEAF00F6D2A5 /* Debug */ = {
			isa = XCBuildConfiguration;
			buildSettings = {
				ALWAYS_SEARCH_USER_PATHS = NO;
				CLANG_ANALYZER_NONNULL = YES;
				CLANG_ANALYZER_NUMBER_OBJECT_CONVERSION = YES_AGGRESSIVE;
				CLANG_CXX_LANGUAGE_STANDARD = "gnu++14";
				CLANG_CXX_LIBRARY = "libc++";
				CLANG_ENABLE_MODULES = YES;
				CLANG_ENABLE_OBJC_ARC = YES;
				CLANG_WARN_BLOCK_CAPTURE_AUTORELEASING = YES;
				CLANG_WARN_BOOL_CONVERSION = YES;
				CLANG_WARN_COMMA = YES;
				CLANG_WARN_CONSTANT_CONVERSION = YES;
				CLANG_WARN_DIRECT_OBJC_ISA_USAGE = YES_ERROR;
				CLANG_WARN_DOCUMENTATION_COMMENTS = YES;
				CLANG_WARN_EMPTY_BODY = YES;
				CLANG_WARN_ENUM_CONVERSION = YES;
				CLANG_WARN_INFINITE_RECURSION = YES;
				CLANG_WARN_INT_CONVERSION = YES;
				CLANG_WARN_NON_LITERAL_NULL_CONVERSION = YES;
				CLANG_WARN_OBJC_LITERAL_CONVERSION = YES;
				CLANG_WARN_OBJC_ROOT_CLASS = YES_ERROR;
				CLANG_WARN_RANGE_LOOP_ANALYSIS = YES;
				CLANG_WARN_STRICT_PROTOTYPES = YES;
				CLANG_WARN_SUSPICIOUS_MOVE = YES;
				CLANG_WARN_UNGUARDED_AVAILABILITY = YES_AGGRESSIVE;
				CLANG_WARN_UNREACHABLE_CODE = YES;
				CLANG_WARN__DUPLICATE_METHOD_MATCH = YES;
				CODE_SIGN_IDENTITY = "iPhone Developer";
				COPY_PHASE_STRIP = NO;
				DEBUG_INFORMATION_FORMAT = dwarf;
				ENABLE_STRICT_OBJC_MSGSEND = YES;
				ENABLE_TESTABILITY = YES;
				GCC_C_LANGUAGE_STANDARD = gnu11;
				GCC_DYNAMIC_NO_PIC = NO;
				GCC_NO_COMMON_BLOCKS = YES;
				GCC_OPTIMIZATION_LEVEL = 0;
				GCC_PREPROCESSOR_DEFINITIONS = (
					"DEBUG=1",
					"$(inherited)",
				);
				GCC_WARN_64_TO_32_BIT_CONVERSION = YES;
				GCC_WARN_ABOUT_RETURN_TYPE = YES_ERROR;
				GCC_WARN_UNDECLARED_SELECTOR = YES;
				GCC_WARN_UNINITIALIZED_AUTOS = YES_AGGRESSIVE;
				GCC_WARN_UNUSED_FUNCTION = YES;
				GCC_WARN_UNUSED_VARIABLE = YES;
				IPHONEOS_DEPLOYMENT_TARGET = 11.0;
				MTL_ENABLE_DEBUG_INFO = YES;
				ONLY_ACTIVE_ARCH = YES;
				SDKROOT = iphoneos;
				SWIFT_ACTIVE_COMPILATION_CONDITIONS = DEBUG;
				SWIFT_OPTIMIZATION_LEVEL = "-Onone";
			};
			name = Debug;
		};
		EC95D8C01F9EBEAF00F6D2A5 /* Release */ = {
			isa = XCBuildConfiguration;
			buildSettings = {
				ALWAYS_SEARCH_USER_PATHS = NO;
				CLANG_ANALYZER_NONNULL = YES;
				CLANG_ANALYZER_NUMBER_OBJECT_CONVERSION = YES_AGGRESSIVE;
				CLANG_CXX_LANGUAGE_STANDARD = "gnu++14";
				CLANG_CXX_LIBRARY = "libc++";
				CLANG_ENABLE_MODULES = YES;
				CLANG_ENABLE_OBJC_ARC = YES;
				CLANG_WARN_BLOCK_CAPTURE_AUTORELEASING = YES;
				CLANG_WARN_BOOL_CONVERSION = YES;
				CLANG_WARN_COMMA = YES;
				CLANG_WARN_CONSTANT_CONVERSION = YES;
				CLANG_WARN_DIRECT_OBJC_ISA_USAGE = YES_ERROR;
				CLANG_WARN_DOCUMENTATION_COMMENTS = YES;
				CLANG_WARN_EMPTY_BODY = YES;
				CLANG_WARN_ENUM_CONVERSION = YES;
				CLANG_WARN_INFINITE_RECURSION = YES;
				CLANG_WARN_INT_CONVERSION = YES;
				CLANG_WARN_NON_LITERAL_NULL_CONVERSION = YES;
				CLANG_WARN_OBJC_LITERAL_CONVERSION = YES;
				CLANG_WARN_OBJC_ROOT_CLASS = YES_ERROR;
				CLANG_WARN_RANGE_LOOP_ANALYSIS = YES;
				CLANG_WARN_STRICT_PROTOTYPES = YES;
				CLANG_WARN_SUSPICIOUS_MOVE = YES;
				CLANG_WARN_UNGUARDED_AVAILABILITY = YES_AGGRESSIVE;
				CLANG_WARN_UNREACHABLE_CODE = YES;
				CLANG_WARN__DUPLICATE_METHOD_MATCH = YES;
				CODE_SIGN_IDENTITY = "iPhone Developer";
				COPY_PHASE_STRIP = NO;
				DEBUG_INFORMATION_FORMAT = "dwarf-with-dsym";
				ENABLE_NS_ASSERTIONS = NO;
				ENABLE_STRICT_OBJC_MSGSEND = YES;
				GCC_C_LANGUAGE_STANDARD = gnu11;
				GCC_NO_COMMON_BLOCKS = YES;
				GCC_WARN_64_TO_32_BIT_CONVERSION = YES;
				GCC_WARN_ABOUT_RETURN_TYPE = YES_ERROR;
				GCC_WARN_UNDECLARED_SELECTOR = YES;
				GCC_WARN_UNINITIALIZED_AUTOS = YES_AGGRESSIVE;
				GCC_WARN_UNUSED_FUNCTION = YES;
				GCC_WARN_UNUSED_VARIABLE = YES;
				IPHONEOS_DEPLOYMENT_TARGET = 11.0;
				MTL_ENABLE_DEBUG_INFO = NO;
				SDKROOT = iphoneos;
				SWIFT_OPTIMIZATION_LEVEL = "-Owholemodule";
				VALIDATE_PRODUCT = YES;
			};
			name = Release;
		};
		EC95D8C21F9EBEAF00F6D2A5 /* Debug */ = {
			isa = XCBuildConfiguration;
			buildSettings = {
				ASSETCATALOG_COMPILER_APPICON_NAME = AppIcon;
				CODE_SIGN_STYLE = Automatic;
				DEVELOPMENT_TEAM = QLY879YR3Y;
				INFOPLIST_FILE = Cassini/Info.plist;
				LD_RUNPATH_SEARCH_PATHS = "$(inherited) @executable_path/Frameworks";
				PRODUCT_BUNDLE_IDENTIFIER = edu.stanford.cs193p.instructor.Cassini;
				PRODUCT_NAME = "$(TARGET_NAME)";
				SWIFT_VERSION = 4.0;
				TARGETED_DEVICE_FAMILY = "1,2";
			};
			name = Debug;
		};
		EC95D8C31F9EBEAF00F6D2A5 /* Release */ = {
			isa = XCBuildConfiguration;
			buildSettings = {
				ASSETCATALOG_COMPILER_APPICON_NAME = AppIcon;
				CODE_SIGN_STYLE = Automatic;
				DEVELOPMENT_TEAM = QLY879YR3Y;
				INFOPLIST_FILE = Cassini/Info.plist;
				LD_RUNPATH_SEARCH_PATHS = "$(inherited) @executable_path/Frameworks";
				PRODUCT_BUNDLE_IDENTIFIER = edu.stanford.cs193p.instructor.Cassini;
				PRODUCT_NAME = "$(TARGET_NAME)";
				SWIFT_VERSION = 4.0;
				TARGETED_DEVICE_FAMILY = "1,2";
			};
			name = Release;
		};
/* End XCBuildConfiguration section */

/* Begin XCConfigurationList section */
		EC95D8AA1F9EBEAF00F6D2A5 /* Build configuration list for PBXProject "Cassini" */ = {
			isa = XCConfigurationList;
			buildConfigurations = (
				EC95D8BF1F9EBEAF00F6D2A5 /* Debug */,
				EC95D8C01F9EBEAF00F6D2A5 /* Release */,
			);
			defaultConfigurationIsVisible = 0;
			defaultConfigurationName = Release;
		};
		EC95D8C11F9EBEAF00F6D2A5 /* Build configuration list for PBXNativeTarget "Cassini" */ = {
			isa = XCConfigurationList;
			buildConfigurations = (
				EC95D8C21F9EBEAF00F6D2A5 /* Debug */,
				EC95D8C31F9EBEAF00F6D2A5 /* Release */,
			);
			defaultConfigurationIsVisible = 0;
			defaultConfigurationName = Release;
		};
/* End XCConfigurationList section */
	};
	rootObject = EC95D8A71F9EBEAF00F6D2A5 /* Project object */;
}
